
Microsoft Visual Studio Solution File, Format Version 12.00
# Visual Studio Version 16
VisualStudioVersion = 16.0.29728.190
MinimumVisualStudioVersion = 10.0.40219.1
Project("{888888A0-9F3D-457C-B088-3A5042F75D52}") = "git_auto_updater", "git_auto_updater.pyproj", "{EB5E67A4-81BE-48E5-8156-460FC17D01E6}"
EndProject
Global
	GlobalSection(SolutionConfigurationPlatforms) = preSolution
		Debug|Any CPU = Debug|Any CPU
		Release|Any CPU = Release|Any CPU
	EndGlobalSection
	GlobalSection(ProjectConfigurationPlatforms) = postSolution
		{EB5E67A4-81BE-48E5-8156-460FC17D01E6}.Debug|Any CPU.ActiveCfg = Debug|Any CPU
		{EB5E67A4-81BE-48E5-8156-460FC17D01E6}.Release|Any CPU.ActiveCfg = Release|Any CPU
	EndGlobalSection
	GlobalSection(SolutionProperties) = preSolution
		HideSolutionNode = FALSE
	EndGlobalSection
	GlobalSection(ExtensibilityGlobals) = postSolution
		SolutionGuid = {07FECDE1-7F74-49F9-B164-F63B197C6421}
	EndGlobalSection
EndGlobal
